
Microsoft Visual Studio Solution File, Format Version 12.00
# Visual Studio Version 16
VisualStudioVersion = 16.0.30320.27
MinimumVisualStudioVersion = 10.0.40219.1
Project("{FAE04EC0-301F-11D3-BF4B-00C04F79EFBC}") = "Problema2", "Problema2.csproj", "{41E2B3FA-F884-498C-B534-0C27D1EF5849}"
EndProject
Global
	GlobalSection(SolutionConfigurationPlatforms) = preSolution
		Debug|Any CPU = Debug|Any CPU
		Release|Any CPU = Release|Any CPU
	EndGlobalSection
	GlobalSection(ProjectConfigurationPlatforms) = postSolution
		{41E2B3FA-F884-498C-B534-0C27D1EF5849}.Debug|Any CPU.ActiveCfg = Debug|Any CPU
		{41E2B3FA-F884-498C-B534-0C27D1EF5849}.Debug|Any CPU.Build.0 = Debug|Any CPU
		{41E2B3FA-F884-498C-B534-0C27D1EF5849}.Release|Any CPU.ActiveCfg = Release|Any CPU
		{41E2B3FA-F884-498C-B534-0C27D1EF5849}.Release|Any CPU.Build.0 = Release|Any CPU
	EndGlobalSection
	GlobalSection(SolutionProperties) = preSolution
		HideSolutionNode = FALSE
	EndGlobalSection
	GlobalSection(ExtensibilityGlobals) = postSolution
		SolutionGuid = {DC767DC8-C199-432C-BAD8-B0BAB4E0DB4C}
	EndGlobalSection
EndGlobal
